
Microsoft Visual Studio Solution File, Format Version 12.00
# Visual Studio Version 16
VisualStudioVersion = 16.0.32407.337
MinimumVisualStudioVersion = 10.0.40219.1
Project("{8BC9CEB8-8B4A-11D0-8D11-00A0C91BC942}") = "Project4", "Project4\Project4.vcxproj", "{ED5B1861-4B55-4D97-8572-920B455FFD80}"
EndProject
Global
	GlobalSection(SolutionConfigurationPlatforms) = preSolution
		Debug|x64 = Debug|x64
		Debug|x86 = Debug|x86
		Release|x64 = Release|x64
		Release|x86 = Release|x86
	EndGlobalSection
	GlobalSection(ProjectConfigurationPlatforms) = postSolution
		{ED5B1861-4B55-4D97-8572-920B455FFD80}.Debug|x64.ActiveCfg = Debug|x64
		{ED5B1861-4B55-4D97-8572-920B455FFD80}.Debug|x64.Build.0 = Debug|x64
		{ED5B1861-4B55-4D97-8572-920B455FFD80}.Debug|x86.ActiveCfg = Debug|Win32
		{ED5B1861-4B55-4D97-8572-920B455FFD80}.Debug|x86.Build.0 = Debug|Win32
		{ED5B1861-4B55-4D97-8572-920B455FFD80}.Release|x64.ActiveCfg = Release|x64
		{ED5B1861-4B55-4D97-8572-920B455FFD80}.Release|x64.Build.0 = Release|x64
		{ED5B1861-4B55-4D97-8572-920B455FFD80}.Release|x86.ActiveCfg = Release|Win32
		{ED5B1861-4B55-4D97-8572-920B455FFD80}.Release|x86.Build.0 = Release|Win32
	EndGlobalSection
	GlobalSection(SolutionProperties) = preSolution
		HideSolutionNode = FALSE
	EndGlobalSection
	GlobalSection(ExtensibilityGlobals) = postSolution
		SolutionGuid = {5200A63C-8ACA-4E1C-903F-3BD4CCE07D8F}
	EndGlobalSection
EndGlobal
